// !$*UTF8*$!
{
	archiveVersion = 1;
	classes = {
	};
	objectVersion = 46;
	objects = {

/* Begin PBXBuildFile section */
		5B08FABB1E08C42600F61024 /* octreefileaccess.cpp in Sources */ = {isa = PBXBuildFile; fileRef = 5B08FABA1E08C42600F61024 /* octreefileaccess.cpp */; };
		5B08FABD1E09BC3D00F61024 /* octreemeshgenerator.cpp in Sources */ = {isa = PBXBuildFile; fileRef = 5B08FABC1E09BC3D00F61024 /* octreemeshgenerator.cpp */; };
		5B08FABF1E09CB2900F61024 /* octreevertexcalculator.cpp in Sources */ = {isa = PBXBuildFile; fileRef = 5B08FABE1E09CB2900F61024 /* octreevertexcalculator.cpp */; };
		5BA155B01C99DC5E0044E103 /* materials.cpp in Sources */ = {isa = PBXBuildFile; fileRef = 5BA155AE1C99DC5E0044E103 /* materials.cpp */; };
		5BA155C31C9F5F8B0044E103 /* Cocoa.framework in Frameworks */ = {isa = PBXBuildFile; fileRef = 5BA155C21C9F5F8A0044E103 /* Cocoa.framework */; };
		5BA155C51C9F60180044E103 /* CoreVideo.framework in Frameworks */ = {isa = PBXBuildFile; fileRef = 5BA155C41C9F60170044E103 /* CoreVideo.framework */; };
		5BA155C71C9F611D0044E103 /* CoreFoundation.framework in Frameworks */ = {isa = PBXBuildFile; fileRef = 5BA155C61C9F611C0044E103 /* CoreFoundation.framework */; };
		5BA155C91C9F61A60044E103 /* IOKit.framework in Frameworks */ = {isa = PBXBuildFile; fileRef = 5BA155C81C9F61A50044E103 /* IOKit.framework */; };
		5BD28F4E1C84960200B84035 /* octree.cpp in Sources */ = {isa = PBXBuildFile; fileRef = 5BD28F4C1C84960200B84035 /* octree.cpp */; };
		5BD5E87C1C41DE42008DECC6 /* environment.cpp in Sources */ = {isa = PBXBuildFile; fileRef = 5BD5E87A1C41DE42008DECC6 /* environment.cpp */; };
		5BD778861CCAF88300C2FA03 /* libboost_filesystem.dylib in Frameworks */ = {isa = PBXBuildFile; fileRef = 5BD778851CCAF88200C2FA03 /* libboost_filesystem.dylib */; };
		5BD778881CCAF95900C2FA03 /* libboost_system.dylib in Frameworks */ = {isa = PBXBuildFile; fileRef = 5BD778871CCAF95800C2FA03 /* libboost_system.dylib */; };
		5BD778A41CDED6DC00C2FA03 /* qef.cpp in Sources */ = {isa = PBXBuildFile; fileRef = 5BD778A21CDED6DC00C2FA03 /* qef.cpp */; };
		5BDA34481C1E2F7B000CF569 /* renderterrain.cpp in Sources */ = {isa = PBXBuildFile; fileRef = 5BDA34461C1E2F7B000CF569 /* renderterrain.cpp */; };
		5BDA344B1C285EBE000CF569 /* vox.cpp in Sources */ = {isa = PBXBuildFile; fileRef = 5BDA34491C285EBE000CF569 /* vox.cpp */; };
		5BDACC651CAC178900100BC7 /* samplers.cpp in Sources */ = {isa = PBXBuildFile; fileRef = 5BDACC631CAC178900100BC7 /* samplers.cpp */; };
		5BDE05B71B718D5B00202240 /* main.cpp in Sources */ = {isa = PBXBuildFile; fileRef = 5BDE05B61B718D5B00202240 /* main.cpp */; };
		5BDE05C21B719FEC00202240 /* OpenGL.framework in Frameworks */ = {isa = PBXBuildFile; fileRef = 5BDE05C11B719FEC00202240 /* OpenGL.framework */; };
		5BDE05C91B75735100202240 /* shader.cpp in Sources */ = {isa = PBXBuildFile; fileRef = 5BDE05C71B75735100202240 /* shader.cpp */; };
		5BDE05CC1B7573B300202240 /* texture.cpp in Sources */ = {isa = PBXBuildFile; fileRef = 5BDE05CA1B7573B200202240 /* texture.cpp */; };
		5BE3F2FE1CEA6937003256C1 /* octreeseparator.cpp in Sources */ = {isa = PBXBuildFile; fileRef = 5BE3F2FD1CEA6937003256C1 /* octreeseparator.cpp */; };
/* End PBXBuildFile section */

/* Begin PBXFileReference section */
		5B08FABA1E08C42600F61024 /* octreefileaccess.cpp */ = {isa = PBXFileReference; fileEncoding = 4; lastKnownFileType = sourcecode.cpp.cpp; path = octreefileaccess.cpp; sourceTree = "<group>"; };
		5B08FABC1E09BC3D00F61024 /* octreemeshgenerator.cpp */ = {isa = PBXFileReference; fileEncoding = 4; lastKnownFileType = sourcecode.cpp.cpp; path = octreemeshgenerator.cpp; sourceTree = "<group>"; };
		5B08FABE1E09CB2900F61024 /* octreevertexcalculator.cpp */ = {isa = PBXFileReference; fileEncoding = 4; lastKnownFileType = sourcecode.cpp.cpp; path = octreevertexcalculator.cpp; sourceTree = "<group>"; };
		5B24BE7D1C8C891200106A57 /* usr */ = {isa = PBXFileReference; lastKnownFileType = folder; name = usr; path = ../../../../usr; sourceTree = "<group>"; };
		5B24BE811C8CAB6C00106A57 /* libGLEW.1.13.0.dylib */ = {isa = PBXFileReference; lastKnownFileType = "compiled.mach-o.dylib"; name = libGLEW.1.13.0.dylib; path = ../../../../usr/lib/libGLEW.1.13.0.dylib; sourceTree = "<group>"; };
		5B24BE851C8F5B0600106A57 /* constants.h */ = {isa = PBXFileReference; lastKnownFileType = sourcecode.c.h; path = constants.h; sourceTree = "<group>"; };
		5BA155AE1C99DC5E0044E103 /* materials.cpp */ = {isa = PBXFileReference; fileEncoding = 4; lastKnownFileType = sourcecode.cpp.cpp; path = materials.cpp; sourceTree = "<group>"; };
		5BA155AF1C99DC5E0044E103 /* materials.h */ = {isa = PBXFileReference; fileEncoding = 4; lastKnownFileType = sourcecode.c.h; path = materials.h; sourceTree = "<group>"; };
		5BA155B61C9F55EC0044E103 /* libGLEW.a */ = {isa = PBXFileReference; lastKnownFileType = archive.ar; name = libGLEW.a; path = ../../../../usr/lib/libGLEW.a; sourceTree = "<group>"; };
		5BA155B81C9F58E00044E103 /* lib */ = {isa = PBXFileReference; lastKnownFileType = folder; name = lib; path = ../../../../usr/local/lib; sourceTree = "<group>"; };
		5BA155BA1C9F58F70044E103 /* libGLEW.1.13.0.dylib */ = {isa = PBXFileReference; lastKnownFileType = "compiled.mach-o.dylib"; name = libGLEW.1.13.0.dylib; path = ../../../../usr/local/Cellar/glew/1.13.0/lib/libGLEW.1.13.0.dylib; sourceTree = "<group>"; };
		5BA155BC1C9F5BC20044E103 /* lib */ = {isa = PBXFileReference; lastKnownFileType = folder; name = lib; path = ../../../../usr/lib; sourceTree = "<group>"; };
		5BA155C01C9F5C1C0044E103 /* libglfw3.a */ = {isa = PBXFileReference; lastKnownFileType = archive.ar; name = libglfw3.a; path = ../glfwbuild/src/Debug/libglfw3.a; sourceTree = "<group>"; };
		5BA155C21C9F5F8A0044E103 /* Cocoa.framework */ = {isa = PBXFileReference; lastKnownFileType = wrapper.framework; name = Cocoa.framework; path = System/Library/Frameworks/Cocoa.framework; sourceTree = SDKROOT; };
		5BA155C41C9F60170044E103 /* CoreVideo.framework */ = {isa = PBXFileReference; lastKnownFileType = wrapper.framework; name = CoreVideo.framework; path = System/Library/Frameworks/CoreVideo.framework; sourceTree = SDKROOT; };
		5BA155C61C9F611C0044E103 /* CoreFoundation.framework */ = {isa = PBXFileReference; lastKnownFileType = wrapper.framework; name = CoreFoundation.framework; path = System/Library/Frameworks/CoreFoundation.framework; sourceTree = SDKROOT; };
		5BA155C81C9F61A50044E103 /* IOKit.framework */ = {isa = PBXFileReference; lastKnownFileType = wrapper.framework; name = IOKit.framework; path = System/Library/Frameworks/IOKit.framework; sourceTree = SDKROOT; };
		5BB0FACA1B88C5B0005050AB /* shaders */ = {isa = PBXFileReference; lastKnownFileType = folder; path = shaders; sourceTree = "<group>"; };
		5BD28F4C1C84960200B84035 /* octree.cpp */ = {isa = PBXFileReference; fileEncoding = 4; lastKnownFileType = sourcecode.cpp.cpp; path = octree.cpp; sourceTree = "<group>"; };
		5BD28F4D1C84960200B84035 /* octree.h */ = {isa = PBXFileReference; fileEncoding = 4; lastKnownFileType = sourcecode.c.h; path = octree.h; sourceTree = "<group>"; };
		5BD5E87A1C41DE42008DECC6 /* environment.cpp */ = {isa = PBXFileReference; fileEncoding = 4; lastKnownFileType = sourcecode.cpp.cpp; path = environment.cpp; sourceTree = "<group>"; };
		5BD5E87B1C41DE42008DECC6 /* environment.h */ = {isa = PBXFileReference; fileEncoding = 4; lastKnownFileType = sourcecode.c.h; path = environment.h; sourceTree = "<group>"; };
		5BD778851CCAF88200C2FA03 /* libboost_filesystem.dylib */ = {isa = PBXFileReference; lastKnownFileType = "compiled.mach-o.dylib"; name = libboost_filesystem.dylib; path = ../../../../usr/local/Cellar/boost/1.60.0_1/lib/libboost_filesystem.dylib; sourceTree = "<group>"; };
		5BD778871CCAF95800C2FA03 /* libboost_system.dylib */ = {isa = PBXFileReference; lastKnownFileType = "compiled.mach-o.dylib"; name = libboost_system.dylib; path = ../../../../usr/local/Cellar/boost/1.60.0_1/lib/libboost_system.dylib; sourceTree = "<group>"; };
		5BD778A21CDED6DC00C2FA03 /* qef.cpp */ = {isa = PBXFileReference; fileEncoding = 4; lastKnownFileType = sourcecode.cpp.cpp; path = qef.cpp; sourceTree = "<group>"; };
		5BD778A31CDED6DC00C2FA03 /* qef.h */ = {isa = PBXFileReference; fileEncoding = 4; lastKnownFileType = sourcecode.c.h; path = qef.h; sourceTree = "<group>"; };
		5BDA34461C1E2F7B000CF569 /* renderterrain.cpp */ = {isa = PBXFileReference; fileEncoding = 4; lastKnownFileType = sourcecode.cpp.cpp; path = renderterrain.cpp; sourceTree = "<group>"; };
		5BDA34471C1E2F7B000CF569 /* renderterrain.h */ = {isa = PBXFileReference; fileEncoding = 4; lastKnownFileType = sourcecode.c.h; path = renderterrain.h; sourceTree = "<group>"; };
		5BDA34491C285EBE000CF569 /* vox.cpp */ = {isa = PBXFileReference; fileEncoding = 4; lastKnownFileType = sourcecode.cpp.cpp; path = vox.cpp; sourceTree = "<group>"; };
		5BDA344A1C285EBE000CF569 /* vox.h */ = {isa = PBXFileReference; fileEncoding = 4; lastKnownFileType = sourcecode.c.h; path = vox.h; sourceTree = "<group>"; };
		5BDACC631CAC178900100BC7 /* samplers.cpp */ = {isa = PBXFileReference; fileEncoding = 4; lastKnownFileType = sourcecode.cpp.cpp; path = samplers.cpp; sourceTree = "<group>"; };
		5BDACC641CAC178900100BC7 /* samplers.h */ = {isa = PBXFileReference; fileEncoding = 4; lastKnownFileType = sourcecode.c.h; path = samplers.h; sourceTree = "<group>"; };
		5BDE05B31B718D5B00202240 /* Total Control */ = {isa = PBXFileReference; explicitFileType = "compiled.mach-o.executable"; includeInIndex = 0; path = "Total Control"; sourceTree = BUILT_PRODUCTS_DIR; };
		5BDE05B61B718D5B00202240 /* main.cpp */ = {isa = PBXFileReference; lastKnownFileType = sourcecode.cpp.cpp; path = main.cpp; sourceTree = "<group>"; };
		5BDE05C11B719FEC00202240 /* OpenGL.framework */ = {isa = PBXFileReference; lastKnownFileType = wrapper.framework; name = OpenGL.framework; path = System/Library/Frameworks/OpenGL.framework; sourceTree = SDKROOT; };
		5BDE05C71B75735100202240 /* shader.cpp */ = {isa = PBXFileReference; fileEncoding = 4; lastKnownFileType = sourcecode.cpp.cpp; path = shader.cpp; sourceTree = "<group>"; };
		5BDE05C81B75735100202240 /* shader.h */ = {isa = PBXFileReference; fileEncoding = 4; lastKnownFileType = sourcecode.c.h; path = shader.h; sourceTree = "<group>"; };
		5BDE05CA1B7573B200202240 /* texture.cpp */ = {isa = PBXFileReference; fileEncoding = 4; lastKnownFileType = sourcecode.cpp.cpp; path = texture.cpp; sourceTree = "<group>"; };
		5BDE05CB1B7573B300202240 /* texture.h */ = {isa = PBXFileReference; fileEncoding = 4; lastKnownFileType = sourcecode.c.h; path = texture.h; sourceTree = "<group>"; };
		5BE3F2FD1CEA6937003256C1 /* octreeseparator.cpp */ = {isa = PBXFileReference; fileEncoding = 4; lastKnownFileType = sourcecode.cpp.cpp; path = octreeseparator.cpp; sourceTree = "<group>"; };
/* End PBXFileReference section */

/* Begin PBXFrameworksBuildPhase section */
		5BDE05B01B718D5B00202240 /* Frameworks */ = {
			isa = PBXFrameworksBuildPhase;
			buildActionMask = 2147483647;
			files = (
				5BD778881CCAF95900C2FA03 /* libboost_system.dylib in Frameworks */,
				5BD778861CCAF88300C2FA03 /* libboost_filesystem.dylib in Frameworks */,
				5BA155C91C9F61A60044E103 /* IOKit.framework in Frameworks */,
				5BA155C71C9F611D0044E103 /* CoreFoundation.framework in Frameworks */,
				5BA155C51C9F60180044E103 /* CoreVideo.framework in Frameworks */,
				5BA155C31C9F5F8B0044E103 /* Cocoa.framework in Frameworks */,
				5BDE05C21B719FEC00202240 /* OpenGL.framework in Frameworks */,
			);
			runOnlyForDeploymentPostprocessing = 0;
		};
/* End PBXFrameworksBuildPhase section */

/* Begin PBXGroup section */
		5BDE05AA1B718D5B00202240 = {
			isa = PBXGroup;
			children = (
				5BD778871CCAF95800C2FA03 /* libboost_system.dylib */,
				5BD778851CCAF88200C2FA03 /* libboost_filesystem.dylib */,
				5BA155C81C9F61A50044E103 /* IOKit.framework */,
				5BA155C61C9F611C0044E103 /* CoreFoundation.framework */,
				5BA155C41C9F60170044E103 /* CoreVideo.framework */,
				5BA155C21C9F5F8A0044E103 /* Cocoa.framework */,
				5BA155C01C9F5C1C0044E103 /* libglfw3.a */,
				5BA155BC1C9F5BC20044E103 /* lib */,
				5BA155BA1C9F58F70044E103 /* libGLEW.1.13.0.dylib */,
				5BA155B81C9F58E00044E103 /* lib */,
				5BA155B61C9F55EC0044E103 /* libGLEW.a */,
				5B24BE811C8CAB6C00106A57 /* libGLEW.1.13.0.dylib */,
				5B24BE7D1C8C891200106A57 /* usr */,
				5BDE05C11B719FEC00202240 /* OpenGL.framework */,
				5BDE05B51B718D5B00202240 /* Total Control */,
				5BDE05B41B718D5B00202240 /* Products */,
			);
			sourceTree = "<group>";
		};
		5BDE05B41B718D5B00202240 /* Products */ = {
			isa = PBXGroup;
			children = (
				5BDE05B31B718D5B00202240 /* Total Control */,
			);
			name = Products;
			sourceTree = "<group>";
		};
		5BDE05B51B718D5B00202240 /* Total Control */ = {
			isa = PBXGroup;
			children = (
				5BB0FACA1B88C5B0005050AB /* shaders */,
				5BDE05B61B718D5B00202240 /* main.cpp */,
				5B24BE851C8F5B0600106A57 /* constants.h */,
				5BD5E87A1C41DE42008DECC6 /* environment.cpp */,
				5BD5E87B1C41DE42008DECC6 /* environment.h */,
				5BDA34461C1E2F7B000CF569 /* renderterrain.cpp */,
				5BDA34471C1E2F7B000CF569 /* renderterrain.h */,
				5BA155AE1C99DC5E0044E103 /* materials.cpp */,
				5BA155AF1C99DC5E0044E103 /* materials.h */,
				5BDA34491C285EBE000CF569 /* vox.cpp */,
				5BDA344A1C285EBE000CF569 /* vox.h */,
				5BD28F4C1C84960200B84035 /* octree.cpp */,
				5B08FABC1E09BC3D00F61024 /* octreemeshgenerator.cpp */,
				5B08FABE1E09CB2900F61024 /* octreevertexcalculator.cpp */,
				5B08FABA1E08C42600F61024 /* octreefileaccess.cpp */,
				5BE3F2FD1CEA6937003256C1 /* octreeseparator.cpp */,
				5BD28F4D1C84960200B84035 /* octree.h */,
				5BD778A21CDED6DC00C2FA03 /* qef.cpp */,
				5BD778A31CDED6DC00C2FA03 /* qef.h */,
				5BDACC631CAC178900100BC7 /* samplers.cpp */,
				5BDACC641CAC178900100BC7 /* samplers.h */,
				5BDE05CA1B7573B200202240 /* texture.cpp */,
				5BDE05CB1B7573B300202240 /* texture.h */,
				5BDE05C71B75735100202240 /* shader.cpp */,
				5BDE05C81B75735100202240 /* shader.h */,
			);
			path = "Total Control";
			sourceTree = "<group>";
		};
/* End PBXGroup section */

/* Begin PBXNativeTarget section */
		5BDE05B21B718D5B00202240 /* Total Control */ = {
			isa = PBXNativeTarget;
			buildConfigurationList = 5BDE05BA1B718D5B00202240 /* Build configuration list for PBXNativeTarget "Total Control" */;
			buildPhases = (
				5BDE05AF1B718D5B00202240 /* Sources */,
				5BDE05B01B718D5B00202240 /* Frameworks */,
			);
			buildRules = (
			);
			dependencies = (
			);
			name = "Total Control";
			productName = "Total Control";
			productReference = 5BDE05B31B718D5B00202240 /* Total Control */;
			productType = "com.apple.product-type.tool";
		};
/* End PBXNativeTarget section */

/* Begin PBXProject section */
		5BDE05AB1B718D5B00202240 /* Project object */ = {
			isa = PBXProject;
			attributes = {
				LastUpgradeCheck = 0720;
				ORGANIZATIONNAME = "Parker Lawrence";
				TargetAttributes = {
					5BDE05B21B718D5B00202240 = {
						CreatedOnToolsVersion = 6.4;
					};
				};
			};
			buildConfigurationList = 5BDE05AE1B718D5B00202240 /* Build configuration list for PBXProject "Total Control" */;
			compatibilityVersion = "Xcode 3.2";
			developmentRegion = English;
			hasScannedForEncodings = 0;
			knownRegions = (
				en,
			);
			mainGroup = 5BDE05AA1B718D5B00202240;
			productRefGroup = 5BDE05B41B718D5B00202240 /* Products */;
			projectDirPath = "";
			projectRoot = "";
			targets = (
				5BDE05B21B718D5B00202240 /* Total Control */,
			);
		};
/* End PBXProject section */

/* Begin PBXSourcesBuildPhase section */
		5BDE05AF1B718D5B00202240 /* Sources */ = {
			isa = PBXSourcesBuildPhase;
			buildActionMask = 2147483647;
			files = (
				5BDE05CC1B7573B300202240 /* texture.cpp in Sources */,
				5B08FABB1E08C42600F61024 /* octreefileaccess.cpp in Sources */,
				5BDE05C91B75735100202240 /* shader.cpp in Sources */,
				5B08FABF1E09CB2900F61024 /* octreevertexcalculator.cpp in Sources */,
				5BDA34481C1E2F7B000CF569 /* renderterrain.cpp in Sources */,
				5BD5E87C1C41DE42008DECC6 /* environment.cpp in Sources */,
				5BA155B01C99DC5E0044E103 /* materials.cpp in Sources */,
				5BDA344B1C285EBE000CF569 /* vox.cpp in Sources */,
				5BE3F2FE1CEA6937003256C1 /* octreeseparator.cpp in Sources */,
				5BDACC651CAC178900100BC7 /* samplers.cpp in Sources */,
				5B08FABD1E09BC3D00F61024 /* octreemeshgenerator.cpp in Sources */,
				5BD28F4E1C84960200B84035 /* octree.cpp in Sources */,
				5BD778A41CDED6DC00C2FA03 /* qef.cpp in Sources */,
				5BDE05B71B718D5B00202240 /* main.cpp in Sources */,
			);
			runOnlyForDeploymentPostprocessing = 0;
		};
/* End PBXSourcesBuildPhase section */

/* Begin XCBuildConfiguration section */
		5BDE05B81B718D5B00202240 /* Debug */ = {
			isa = XCBuildConfiguration;
			buildSettings = {
				ALWAYS_SEARCH_USER_PATHS = NO;
				CLANG_CXX_LANGUAGE_STANDARD = "gnu++0x";
				CLANG_CXX_LIBRARY = "libc++";
				CLANG_ENABLE_MODULES = YES;
				CLANG_ENABLE_OBJC_ARC = YES;
				CLANG_WARN_BOOL_CONVERSION = YES;
				CLANG_WARN_CONSTANT_CONVERSION = YES;
				CLANG_WARN_DIRECT_OBJC_ISA_USAGE = YES_ERROR;
				CLANG_WARN_EMPTY_BODY = YES;
				CLANG_WARN_ENUM_CONVERSION = YES;
				CLANG_WARN_INT_CONVERSION = YES;
				CLANG_WARN_OBJC_ROOT_CLASS = YES_ERROR;
				CLANG_WARN_UNREACHABLE_CODE = YES;
				CLANG_WARN__DUPLICATE_METHOD_MATCH = YES;
				COPY_PHASE_STRIP = NO;
				DEBUG_INFORMATION_FORMAT = dwarf;
				ENABLE_STRICT_OBJC_MSGSEND = YES;
				ENABLE_TESTABILITY = YES;
				GCC_C_LANGUAGE_STANDARD = gnu99;
				GCC_DYNAMIC_NO_PIC = NO;
				GCC_NO_COMMON_BLOCKS = YES;
				GCC_OPTIMIZATION_LEVEL = 0;
				GCC_PREPROCESSOR_DEFINITIONS = (
					"DEBUG=1",
					"$(inherited)",
				);
				GCC_SYMBOLS_PRIVATE_EXTERN = NO;
				GCC_WARN_64_TO_32_BIT_CONVERSION = YES;
				GCC_WARN_ABOUT_RETURN_TYPE = YES_ERROR;
				GCC_WARN_UNDECLARED_SELECTOR = YES;
				GCC_WARN_UNINITIALIZED_AUTOS = YES_AGGRESSIVE;
				GCC_WARN_UNUSED_FUNCTION = YES;
				GCC_WARN_UNUSED_VARIABLE = YES;
				HEADER_SEARCH_PATHS = (
					"$(inherited)",
					/Applications/Xcode.app/Contents/Developer/Toolchains/XcodeDefault.xctoolchain/usr/include,
					"\"/Users/legalian/dev/wasteland_kings/Total Control\"",
				);
				LIBRARY_SEARCH_PATHS = "";
				MACOSX_DEPLOYMENT_TARGET = 10.10;
				MTL_ENABLE_DEBUG_INFO = YES;
				ONLY_ACTIVE_ARCH = YES;
				SDKROOT = macosx;
			};
			name = Debug;
		};
		5BDE05B91B718D5B00202240 /* Release */ = {
			isa = XCBuildConfiguration;
			buildSettings = {
				ALWAYS_SEARCH_USER_PATHS = NO;
				CLANG_CXX_LANGUAGE_STANDARD = "gnu++0x";
				CLANG_CXX_LIBRARY = "libc++";
				CLANG_ENABLE_MODULES = YES;
				CLANG_ENABLE_OBJC_ARC = YES;
				CLANG_WARN_BOOL_CONVERSION = YES;
				CLANG_WARN_CONSTANT_CONVERSION = YES;
				CLANG_WARN_DIRECT_OBJC_ISA_USAGE = YES_ERROR;
				CLANG_WARN_EMPTY_BODY = YES;
				CLANG_WARN_ENUM_CONVERSION = YES;
				CLANG_WARN_INT_CONVERSION = YES;
				CLANG_WARN_OBJC_ROOT_CLASS = YES_ERROR;
				CLANG_WARN_UNREACHABLE_CODE = YES;
				CLANG_WARN__DUPLICATE_METHOD_MATCH = YES;
				COPY_PHASE_STRIP = NO;
				DEBUG_INFORMATION_FORMAT = "dwarf-with-dsym";
				ENABLE_NS_ASSERTIONS = NO;
				ENABLE_STRICT_OBJC_MSGSEND = YES;
				GCC_C_LANGUAGE_STANDARD = gnu99;
				GCC_NO_COMMON_BLOCKS = YES;
				GCC_WARN_64_TO_32_BIT_CONVERSION = YES;
				GCC_WARN_ABOUT_RETURN_TYPE = YES_ERROR;
				GCC_WARN_UNDECLARED_SELECTOR = YES;
				GCC_WARN_UNINITIALIZED_AUTOS = YES_AGGRESSIVE;
				GCC_WARN_UNUSED_FUNCTION = YES;
				GCC_WARN_UNUSED_VARIABLE = YES;
				HEADER_SEARCH_PATHS = (
					"$(inherited)",
					/Applications/Xcode.app/Contents/Developer/Toolchains/XcodeDefault.xctoolchain/usr/include,
				);
				LIBRARY_SEARCH_PATHS = "";
				MACOSX_DEPLOYMENT_TARGET = 10.10;
				MTL_ENABLE_DEBUG_INFO = NO;
				SDKROOT = macosx;
			};
			name = Release;
		};
		5BDE05BB1B718D5B00202240 /* Debug */ = {
			isa = XCBuildConfiguration;
			buildSettings = {
				HEADER_SEARCH_PATHS = (
					"$(inherited)",
					/usr/include,
					/Applications/Xcode.app/Contents/Developer/Toolchains/XcodeDefault.xctoolchain/usr/include,
					/usr/local/include,
					/opt/local/include,
					"/Users/legalian/dev/glfw-3.1.2/include/GLFW",
				);
				LD_RUNPATH_SEARCH_PATHS = /usr/lib;
				LIBRARY_SEARCH_PATHS = (
					/Users/legalian/dev/glfwbuild/src/Debug,
					/usr/local/Cellar/glew/1.13.0/lib,
					/usr/lib,
					/usr/local/Cellar/boost/1.60.0_1/lib,
				);
				ONLY_ACTIVE_ARCH = NO;
				OTHER_LDFLAGS = (
					"-lGLEW",
					"-lglfw3",
				);
				PRODUCT_NAME = "Total Control";
			};
			name = Debug;
		};
		5BDE05BC1B718D5B00202240 /* Release */ = {
			isa = XCBuildConfiguration;
			buildSettings = {
				HEADER_SEARCH_PATHS = (
					"$(inherited)",
					/Applications/Xcode.app/Contents/Developer/Toolchains/XcodeDefault.xctoolchain/usr/include,
					/usr/local/include,
					/opt/local/include/,
					/usr/include/,
					/usr/local/Cellar/glfw2/2.7.9/include,
				);
				LD_RUNPATH_SEARCH_PATHS = /usr/lib;
				LIBRARY_SEARCH_PATHS = (
					/Users/legalian/dev/glfwbuild/src/Debug,
					/usr/local/Cellar/glew/1.13.0/lib,
					/usr/lib,
					/usr/local/Cellar/boost/1.60.0_1/lib,
				);
				ONLY_ACTIVE_ARCH = NO;
				OTHER_LDFLAGS = (
					"-lGLEW",
					"-lglfw3",
				);
				PRODUCT_NAME = "Total Control";
			};
			name = Release;
		};
/* End XCBuildConfiguration section */

/* Begin XCConfigurationList section */
		5BDE05AE1B718D5B00202240 /* Build configuration list for PBXProject "Total Control" */ = {
			isa = XCConfigurationList;
			buildConfigurations = (
				5BDE05B81B718D5B00202240 /* Debug */,
				5BDE05B91B718D5B00202240 /* Release */,
			);
			defaultConfigurationIsVisible = 0;
			defaultConfigurationName = Release;
		};
		5BDE05BA1B718D5B00202240 /* Build configuration list for PBXNativeTarget "Total Control" */ = {
			isa = XCConfigurationList;
			buildConfigurations = (
				5BDE05BB1B718D5B00202240 /* Debug */,
				5BDE05BC1B718D5B00202240 /* Release */,
			);
			defaultConfigurationIsVisible = 0;
			defaultConfigurationName = Release;
		};
/* End XCConfigurationList section */
	};
	rootObject = 5BDE05AB1B718D5B00202240 /* Project object */;
}
